// !$*UTF8*$!
{
	archiveVersion = 1;
	classes = {
	};
	objectVersion = 50;
	objects = {

/* Begin PBXBuildFile section */
		F5A6D47921A300B2001027C1 /* AppDelegate.swift in Sources */ = {isa = PBXBuildFile; fileRef = F5A6D47821A300B2001027C1 /* AppDelegate.swift */; };
		F5A6D47B21A300B2001027C1 /* ViewController.swift in Sources */ = {isa = PBXBuildFile; fileRef = F5A6D47A21A300B2001027C1 /* ViewController.swift */; };
		F5A6D47E21A300B2001027C1 /* Main.storyboard in Resources */ = {isa = PBXBuildFile; fileRef = F5A6D47C21A300B2001027C1 /* Main.storyboard */; };
		F5A6D48021A300B3001027C1 /* Assets.xcassets in Resources */ = {isa = PBXBuildFile; fileRef = F5A6D47F21A300B3001027C1 /* Assets.xcassets */; };
		F5A6D48321A300B3001027C1 /* LaunchScreen.storyboard in Resources */ = {isa = PBXBuildFile; fileRef = F5A6D48121A300B3001027C1 /* LaunchScreen.storyboard */; };
		F5A6D48B21A307D8001027C1 /* JeuxViewController.swift in Sources */ = {isa = PBXBuildFile; fileRef = F5A6D48A21A307D8001027C1 /* JeuxViewController.swift */; };
		F5A6D48D21A30806001027C1 /* ResultatsViewController.swift in Sources */ = {isa = PBXBuildFile; fileRef = F5A6D48C21A30806001027C1 /* ResultatsViewController.swift */; };
/* End PBXBuildFile section */

/* Begin PBXFileReference section */
		F5A6D47521A300B2001027C1 /* bois_nombre.app */ = {isa = PBXFileReference; explicitFileType = wrapper.application; includeInIndex = 0; path = bois_nombre.app; sourceTree = BUILT_PRODUCTS_DIR; };
		F5A6D47821A300B2001027C1 /* AppDelegate.swift */ = {isa = PBXFileReference; lastKnownFileType = sourcecode.swift; path = AppDelegate.swift; sourceTree = "<group>"; };
		F5A6D47A21A300B2001027C1 /* ViewController.swift */ = {isa = PBXFileReference; lastKnownFileType = sourcecode.swift; path = ViewController.swift; sourceTree = "<group>"; };
		F5A6D47D21A300B2001027C1 /* Base */ = {isa = PBXFileReference; lastKnownFileType = file.storyboard; name = Base; path = Base.lproj/Main.storyboard; sourceTree = "<group>"; };
		F5A6D47F21A300B3001027C1 /* Assets.xcassets */ = {isa = PBXFileReference; lastKnownFileType = folder.assetcatalog; path = Assets.xcassets; sourceTree = "<group>"; };
		F5A6D48221A300B3001027C1 /* Base */ = {isa = PBXFileReference; lastKnownFileType = file.storyboard; name = Base; path = Base.lproj/LaunchScreen.storyboard; sourceTree = "<group>"; };
		F5A6D48421A300B3001027C1 /* Info.plist */ = {isa = PBXFileReference; lastKnownFileType = text.plist.xml; path = Info.plist; sourceTree = "<group>"; };
		F5A6D48A21A307D8001027C1 /* JeuxViewController.swift */ = {isa = PBXFileReference; lastKnownFileType = sourcecode.swift; path = JeuxViewController.swift; sourceTree = "<group>"; };
		F5A6D48C21A30806001027C1 /* ResultatsViewController.swift */ = {isa = PBXFileReference; lastKnownFileType = sourcecode.swift; path = ResultatsViewController.swift; sourceTree = "<group>"; };
/* End PBXFileReference section */

/* Begin PBXFrameworksBuildPhase section */
		F5A6D47221A300B2001027C1 /* Frameworks */ = {
			isa = PBXFrameworksBuildPhase;
			buildActionMask = 2147483647;
			files = (
			);
			runOnlyForDeploymentPostprocessing = 0;
		};
/* End PBXFrameworksBuildPhase section */

/* Begin PBXGroup section */
		F5A6D46C21A300B2001027C1 = {
			isa = PBXGroup;
			children = (
				F5A6D47721A300B2001027C1 /* bois_nombre */,
				F5A6D47621A300B2001027C1 /* Products */,
			);
			sourceTree = "<group>";
		};
		F5A6D47621A300B2001027C1 /* Products */ = {
			isa = PBXGroup;
			children = (
				F5A6D47521A300B2001027C1 /* bois_nombre.app */,
			);
			name = Products;
			sourceTree = "<group>";
		};
		F5A6D47721A300B2001027C1 /* bois_nombre */ = {
			isa = PBXGroup;
			children = (
				F5A6D47821A300B2001027C1 /* AppDelegate.swift */,
				F5A6D47A21A300B2001027C1 /* ViewController.swift */,
				F5A6D47C21A300B2001027C1 /* Main.storyboard */,
				F5A6D48C21A30806001027C1 /* ResultatsViewController.swift */,
				F5A6D47F21A300B3001027C1 /* Assets.xcassets */,
				F5A6D48121A300B3001027C1 /* LaunchScreen.storyboard */,
				F5A6D48421A300B3001027C1 /* Info.plist */,
				F5A6D48A21A307D8001027C1 /* JeuxViewController.swift */,
			);
			path = bois_nombre;
			sourceTree = "<group>";
		};
/* End PBXGroup section */

/* Begin PBXNativeTarget section */
		F5A6D47421A300B2001027C1 /* bois_nombre */ = {
			isa = PBXNativeTarget;
			buildConfigurationList = F5A6D48721A300B3001027C1 /* Build configuration list for PBXNativeTarget "bois_nombre" */;
			buildPhases = (
				F5A6D47121A300B2001027C1 /* Sources */,
				F5A6D47221A300B2001027C1 /* Frameworks */,
				F5A6D47321A300B2001027C1 /* Resources */,
			);
			buildRules = (
			);
			dependencies = (
			);
			name = bois_nombre;
			productName = bois_nombre;
			productReference = F5A6D47521A300B2001027C1 /* bois_nombre.app */;
			productType = "com.apple.product-type.application";
		};
/* End PBXNativeTarget section */

/* Begin PBXProject section */
		F5A6D46D21A300B2001027C1 /* Project object */ = {
			isa = PBXProject;
			attributes = {
				LastSwiftUpdateCheck = 0940;
				LastUpgradeCheck = 0940;
				ORGANIZATIONNAME = IF26;
				TargetAttributes = {
					F5A6D47421A300B2001027C1 = {
						CreatedOnToolsVersion = 9.4.1;
					};
				};
			};
			buildConfigurationList = F5A6D47021A300B2001027C1 /* Build configuration list for PBXProject "bois_nombre" */;
			compatibilityVersion = "Xcode 9.3";
			developmentRegion = en;
			hasScannedForEncodings = 0;
			knownRegions = (
				en,
				Base,
			);
			mainGroup = F5A6D46C21A300B2001027C1;
			productRefGroup = F5A6D47621A300B2001027C1 /* Products */;
			projectDirPath = "";
			projectRoot = "";
			targets = (
				F5A6D47421A300B2001027C1 /* bois_nombre */,
			);
		};
/* End PBXProject section */

/* Begin PBXResourcesBuildPhase section */
		F5A6D47321A300B2001027C1 /* Resources */ = {
			isa = PBXResourcesBuildPhase;
			buildActionMask = 2147483647;
			files = (
				F5A6D48321A300B3001027C1 /* LaunchScreen.storyboard in Resources */,
				F5A6D48021A300B3001027C1 /* Assets.xcassets in Resources */,
				F5A6D47E21A300B2001027C1 /* Main.storyboard in Resources */,
			);
			runOnlyForDeploymentPostprocessing = 0;
		};
/* End PBXResourcesBuildPhase section */

/* Begin PBXSourcesBuildPhase section */
		F5A6D47121A300B2001027C1 /* Sources */ = {
			isa = PBXSourcesBuildPhase;
			buildActionMask = 2147483647;
			files = (
				F5A6D47B21A300B2001027C1 /* ViewController.swift in Sources */,
				F5A6D48B21A307D8001027C1 /* JeuxViewController.swift in Sources */,
				F5A6D48D21A30806001027C1 /* ResultatsViewController.swift in Sources */,
				F5A6D47921A300B2001027C1 /* AppDelegate.swift in Sources */,
			);
			runOnlyForDeploymentPostprocessing = 0;
		};
/* End PBXSourcesBuildPhase section */

/* Begin PBXVariantGroup section */
		F5A6D47C21A300B2001027C1 /* Main.storyboard */ = {
			isa = PBXVariantGroup;
			children = (
				F5A6D47D21A300B2001027C1 /* Base */,
			);
			name = Main.storyboard;
			sourceTree = "<group>";
		};
		F5A6D48121A300B3001027C1 /* LaunchScreen.storyboard */ = {
			isa = PBXVariantGroup;
			children = (
				F5A6D48221A300B3001027C1 /* Base */,
			);
			name = LaunchScreen.storyboard;
			sourceTree = "<group>";
		};
/* End PBXVariantGroup section */

/* Begin XCBuildConfiguration section */
		F5A6D48521A300B3001027C1 /* Debug */ = {
			isa = XCBuildConfiguration;
			buildSettings = {
				ALWAYS_SEARCH_USER_PATHS = NO;
				CLANG_ANALYZER_NONNULL = YES;
				CLANG_ANALYZER_NUMBER_OBJECT_CONVERSION = YES_AGGRESSIVE;
				CLANG_CXX_LANGUAGE_STANDARD = "gnu++14";
				CLANG_CXX_LIBRARY = "libc++";
				CLANG_ENABLE_MODULES = YES;
				CLANG_ENABLE_OBJC_ARC = YES;
				CLANG_ENABLE_OBJC_WEAK = YES;
				CLANG_WARN_BLOCK_CAPTURE_AUTORELEASING = YES;
				CLANG_WARN_BOOL_CONVERSION = YES;
				CLANG_WARN_COMMA = YES;
				CLANG_WARN_CONSTANT_CONVERSION = YES;
				CLANG_WARN_DEPRECATED_OBJC_IMPLEMENTATIONS = YES;
				CLANG_WARN_DIRECT_OBJC_ISA_USAGE = YES_ERROR;
				CLANG_WARN_DOCUMENTATION_COMMENTS = YES;
				CLANG_WARN_EMPTY_BODY = YES;
				CLANG_WARN_ENUM_CONVERSION = YES;
				CLANG_WARN_INFINITE_RECURSION = YES;
				CLANG_WARN_INT_CONVERSION = YES;
				CLANG_WARN_NON_LITERAL_NULL_CONVERSION = YES;
				CLANG_WARN_OBJC_IMPLICIT_RETAIN_SELF = YES;
				CLANG_WARN_OBJC_LITERAL_CONVERSION = YES;
				CLANG_WARN_OBJC_ROOT_CLASS = YES_ERROR;
				CLANG_WARN_RANGE_LOOP_ANALYSIS = YES;
				CLANG_WARN_STRICT_PROTOTYPES = YES;
				CLANG_WARN_SUSPICIOUS_MOVE = YES;
				CLANG_WARN_UNGUARDED_AVAILABILITY = YES_AGGRESSIVE;
				CLANG_WARN_UNREACHABLE_CODE = YES;
				CLANG_WARN__DUPLICATE_METHOD_MATCH = YES;
				CODE_SIGN_IDENTITY = "iPhone Developer";
				COPY_PHASE_STRIP = NO;
				DEBUG_INFORMATION_FORMAT = dwarf;
				ENABLE_STRICT_OBJC_MSGSEND = YES;
				ENABLE_TESTABILITY = YES;
				GCC_C_LANGUAGE_STANDARD = gnu11;
				GCC_DYNAMIC_NO_PIC = NO;
				GCC_NO_COMMON_BLOCKS = YES;
				GCC_OPTIMIZATION_LEVEL = 0;
				GCC_PREPROCESSOR_DEFINITIONS = (
					"DEBUG=1",
					"$(inherited)",
				);
				GCC_WARN_64_TO_32_BIT_CONVERSION = YES;
				GCC_WARN_ABOUT_RETURN_TYPE = YES_ERROR;
				GCC_WARN_UNDECLARED_SELECTOR = YES;
				GCC_WARN_UNINITIALIZED_AUTOS = YES_AGGRESSIVE;
				GCC_WARN_UNUSED_FUNCTION = YES;
				GCC_WARN_UNUSED_VARIABLE = YES;
				IPHONEOS_DEPLOYMENT_TARGET = 11.4;
				MTL_ENABLE_DEBUG_INFO = YES;
				ONLY_ACTIVE_ARCH = YES;
				SDKROOT = iphoneos;
				SWIFT_ACTIVE_COMPILATION_CONDITIONS = DEBUG;
				SWIFT_OPTIMIZATION_LEVEL = "-Onone";
			};
			name = Debug;
		};
		F5A6D48621A300B3001027C1 /* Release */ = {
			isa = XCBuildConfiguration;
			buildSettings = {
				ALWAYS_SEARCH_USER_PATHS = NO;
				CLANG_ANALYZER_NONNULL = YES;
				CLANG_ANALYZER_NUMBER_OBJECT_CONVERSION = YES_AGGRESSIVE;
				CLANG_CXX_LANGUAGE_STANDARD = "gnu++14";
				CLANG_CXX_LIBRARY = "libc++";
				CLANG_ENABLE_MODULES = YES;
				CLANG_ENABLE_OBJC_ARC = YES;
				CLANG_ENABLE_OBJC_WEAK = YES;
				CLANG_WARN_BLOCK_CAPTURE_AUTORELEASING = YES;
				CLANG_WARN_BOOL_CONVERSION = YES;
				CLANG_WARN_COMMA = YES;
				CLANG_WARN_CONSTANT_CONVERSION = YES;
				CLANG_WARN_DEPRECATED_OBJC_IMPLEMENTATIONS = YES;
				CLANG_WARN_DIRECT_OBJC_ISA_USAGE = YES_ERROR;
				CLANG_WARN_DOCUMENTATION_COMMENTS = YES;
				CLANG_WARN_EMPTY_BODY = YES;
				CLANG_WARN_ENUM_CONVERSION = YES;
				CLANG_WARN_INFINITE_RECURSION = YES;
				CLANG_WARN_INT_CONVERSION = YES;
				CLANG_WARN_NON_LITERAL_NULL_CONVERSION = YES;
				CLANG_WARN_OBJC_IMPLICIT_RETAIN_SELF = YES;
				CLANG_WARN_OBJC_LITERAL_CONVERSION = YES;
				CLANG_WARN_OBJC_ROOT_CLASS = YES_ERROR;
				CLANG_WARN_RANGE_LOOP_ANALYSIS = YES;
				CLANG_WARN_STRICT_PROTOTYPES = YES;
				CLANG_WARN_SUSPICIOUS_MOVE = YES;
				CLANG_WARN_UNGUARDED_AVAILABILITY = YES_AGGRESSIVE;
				CLANG_WARN_UNREACHABLE_CODE = YES;
				CLANG_WARN__DUPLICATE_METHOD_MATCH = YES;
				CODE_SIGN_IDENTITY = "iPhone Developer";
				COPY_PHASE_STRIP = NO;
				DEBUG_INFORMATION_FORMAT = "dwarf-with-dsym";
				ENABLE_NS_ASSERTIONS = NO;
				ENABLE_STRICT_OBJC_MSGSEND = YES;
				GCC_C_LANGUAGE_STANDARD = gnu11;
				GCC_NO_COMMON_BLOCKS = YES;
				GCC_WARN_64_TO_32_BIT_CONVERSION = YES;
				GCC_WARN_ABOUT_RETURN_TYPE = YES_ERROR;
				GCC_WARN_UNDECLARED_SELECTOR = YES;
				GCC_WARN_UNINITIALIZED_AUTOS = YES_AGGRESSIVE;
				GCC_WARN_UNUSED_FUNCTION = YES;
				GCC_WARN_UNUSED_VARIABLE = YES;
				IPHONEOS_DEPLOYMENT_TARGET = 11.4;
				MTL_ENABLE_DEBUG_INFO = NO;
				SDKROOT = iphoneos;
				SWIFT_COMPILATION_MODE = wholemodule;
				SWIFT_OPTIMIZATION_LEVEL = "-O";
				VALIDATE_PRODUCT = YES;
			};
			name = Release;
		};
		F5A6D48821A300B3001027C1 /* Debug */ = {
			isa = XCBuildConfiguration;
			buildSettings = {
				ASSETCATALOG_COMPILER_APPICON_NAME = AppIcon;
				CODE_SIGN_STYLE = Automatic;
				INFOPLIST_FILE = bois_nombre/Info.plist;
				LD_RUNPATH_SEARCH_PATHS = (
					"$(inherited)",
					"@executable_path/Frameworks",
				);
				PRODUCT_BUNDLE_IDENTIFIER = "fr.utt.if26.bois-nombre";
				PRODUCT_NAME = "$(TARGET_NAME)";
				SWIFT_VERSION = 4.0;
				TARGETED_DEVICE_FAMILY = "1,2";
			};
			name = Debug;
		};
		F5A6D48921A300B3001027C1 /* Release */ = {
			isa = XCBuildConfiguration;
			buildSettings = {
				ASSETCATALOG_COMPILER_APPICON_NAME = AppIcon;
				CODE_SIGN_STYLE = Automatic;
				INFOPLIST_FILE = bois_nombre/Info.plist;
				LD_RUNPATH_SEARCH_PATHS = (
					"$(inherited)",
					"@executable_path/Frameworks",
				);
				PRODUCT_BUNDLE_IDENTIFIER = "fr.utt.if26.bois-nombre";
				PRODUCT_NAME = "$(TARGET_NAME)";
				SWIFT_VERSION = 4.0;
				TARGETED_DEVICE_FAMILY = "1,2";
			};
			name = Release;
		};
/* End XCBuildConfiguration section */

/* Begin XCConfigurationList section */
		F5A6D47021A300B2001027C1 /* Build configuration list for PBXProject "bois_nombre" */ = {
			isa = XCConfigurationList;
			buildConfigurations = (
				F5A6D48521A300B3001027C1 /* Debug */,
				F5A6D48621A300B3001027C1 /* Release */,
			);
			defaultConfigurationIsVisible = 0;
			defaultConfigurationName = Release;
		};
		F5A6D48721A300B3001027C1 /* Build configuration list for PBXNativeTarget "bois_nombre" */ = {
			isa = XCConfigurationList;
			buildConfigurations = (
				F5A6D48821A300B3001027C1 /* Debug */,
				F5A6D48921A300B3001027C1 /* Release */,
			);
			defaultConfigurationIsVisible = 0;
			defaultConfigurationName = Release;
		};
/* End XCConfigurationList section */
	};
	rootObject = F5A6D46D21A300B2001027C1 /* Project object */;
}
